
Microsoft Visual Studio Solution File, Format Version 12.00
# Visual Studio Version 16
VisualStudioVersion = 16.0.28803.156
MinimumVisualStudioVersion = 10.0.40219.1
Project("{FAE04EC0-301F-11D3-BF4B-00C04F79EFBC}") = "AOPTest", "AOPTest\AOPTest.csproj", "{8EDF059F-0553-4031-A4C7-50774624156A}"
EndProject
Global
	GlobalSection(SolutionConfigurationPlatforms) = preSolution
		Debug|Any CPU = Debug|Any CPU
		Release|Any CPU = Release|Any CPU
	EndGlobalSection
	GlobalSection(ProjectConfigurationPlatforms) = postSolution
		{8EDF059F-0553-4031-A4C7-50774624156A}.Debug|Any CPU.ActiveCfg = Debug|Any CPU
		{8EDF059F-0553-4031-A4C7-50774624156A}.Debug|Any CPU.Build.0 = Debug|Any CPU
		{8EDF059F-0553-4031-A4C7-50774624156A}.Release|Any CPU.ActiveCfg = Release|Any CPU
		{8EDF059F-0553-4031-A4C7-50774624156A}.Release|Any CPU.Build.0 = Release|Any CPU
	EndGlobalSection
	GlobalSection(SolutionProperties) = preSolution
		HideSolutionNode = FALSE
	EndGlobalSection
	GlobalSection(ExtensibilityGlobals) = postSolution
		SolutionGuid = {01F4746C-FB1E-4E18-AECF-D6DA1D00378A}
	EndGlobalSection
EndGlobal
